// !$*UTF8*$!
{
	archiveVersion = 1;
	classes = {
	};
	objectVersion = 56;
	objects = {

/* Begin PBXBuildFile section */
		B22B4B7F295306970075037D /* CoinModel.swift in Sources */ = {isa = PBXBuildFile; fileRef = B22B4B7E295306970075037D /* CoinModel.swift */; };
		B22B4B832953187C0075037D /* PreviewProvider.swift in Sources */ = {isa = PBXBuildFile; fileRef = B22B4B822953187C0075037D /* PreviewProvider.swift */; };
		B22B4B8529531AB60075037D /* CoinRowView.swift in Sources */ = {isa = PBXBuildFile; fileRef = B22B4B8429531AB60075037D /* CoinRowView.swift */; };
		B22B4B8729531CE70075037D /* Double.swift in Sources */ = {isa = PBXBuildFile; fileRef = B22B4B8629531CE70075037D /* Double.swift */; };
		B24334B02954334600D5D117 /* HomeViewModel.swift in Sources */ = {isa = PBXBuildFile; fileRef = B24334AF2954334600D5D117 /* HomeViewModel.swift */; };
		B24334B3295473C800D5D117 /* CoinDataServices.swift in Sources */ = {isa = PBXBuildFile; fileRef = B24334B2295473C800D5D117 /* CoinDataServices.swift */; };
		B24334B62954810100D5D117 /* NetworkingManger.swift in Sources */ = {isa = PBXBuildFile; fileRef = B24334B52954810100D5D117 /* NetworkingManger.swift */; };
		B29740FB2952EE7B0010C8D1 /* CryptoApp.swift in Sources */ = {isa = PBXBuildFile; fileRef = B29740FA2952EE7B0010C8D1 /* CryptoApp.swift */; };
		B29740FD2952EE7B0010C8D1 /* ContentView.swift in Sources */ = {isa = PBXBuildFile; fileRef = B29740FC2952EE7B0010C8D1 /* ContentView.swift */; };
		B29741022952EE7D0010C8D1 /* Preview Assets.xcassets in Resources */ = {isa = PBXBuildFile; fileRef = B29741012952EE7D0010C8D1 /* Preview Assets.xcassets */; };
		B29741092952EF9C0010C8D1 /* Assets.xcassets in Resources */ = {isa = PBXBuildFile; fileRef = B29741082952EF9C0010C8D1 /* Assets.xcassets */; };
		B297410C2952EFD30010C8D1 /* Color.swift in Sources */ = {isa = PBXBuildFile; fileRef = B297410B2952EFD30010C8D1 /* Color.swift */; };
		B29741122952F3880010C8D1 /* HomeView.swift in Sources */ = {isa = PBXBuildFile; fileRef = B29741112952F3880010C8D1 /* HomeView.swift */; };
		B29741162952F5220010C8D1 /* CircleButtonView.swift in Sources */ = {isa = PBXBuildFile; fileRef = B29741152952F5220010C8D1 /* CircleButtonView.swift */; };
		B29741182952F90D0010C8D1 /* CircleButtonAnimationView.swift in Sources */ = {isa = PBXBuildFile; fileRef = B29741172952F90C0010C8D1 /* CircleButtonAnimationView.swift */; };
/* End PBXBuildFile section */

/* Begin PBXFileReference section */
		B22B4B7E295306970075037D /* CoinModel.swift */ = {isa = PBXFileReference; lastKnownFileType = sourcecode.swift; path = CoinModel.swift; sourceTree = "<group>"; };
		B22B4B822953187C0075037D /* PreviewProvider.swift */ = {isa = PBXFileReference; lastKnownFileType = sourcecode.swift; path = PreviewProvider.swift; sourceTree = "<group>"; };
		B22B4B8429531AB60075037D /* CoinRowView.swift */ = {isa = PBXFileReference; lastKnownFileType = sourcecode.swift; path = CoinRowView.swift; sourceTree = "<group>"; };
		B22B4B8629531CE70075037D /* Double.swift */ = {isa = PBXFileReference; lastKnownFileType = sourcecode.swift; path = Double.swift; sourceTree = "<group>"; };
		B24334AF2954334600D5D117 /* HomeViewModel.swift */ = {isa = PBXFileReference; lastKnownFileType = sourcecode.swift; path = HomeViewModel.swift; sourceTree = "<group>"; };
		B24334B2295473C800D5D117 /* CoinDataServices.swift */ = {isa = PBXFileReference; lastKnownFileType = sourcecode.swift; path = CoinDataServices.swift; sourceTree = "<group>"; };
		B24334B52954810100D5D117 /* NetworkingManger.swift */ = {isa = PBXFileReference; lastKnownFileType = sourcecode.swift; path = NetworkingManger.swift; sourceTree = "<group>"; };
		B29740F72952EE7B0010C8D1 /* Crypto.app */ = {isa = PBXFileReference; explicitFileType = wrapper.application; includeInIndex = 0; path = Crypto.app; sourceTree = BUILT_PRODUCTS_DIR; };
		B29740FA2952EE7B0010C8D1 /* CryptoApp.swift */ = {isa = PBXFileReference; lastKnownFileType = sourcecode.swift; path = CryptoApp.swift; sourceTree = "<group>"; };
		B29740FC2952EE7B0010C8D1 /* ContentView.swift */ = {isa = PBXFileReference; lastKnownFileType = sourcecode.swift; path = ContentView.swift; sourceTree = "<group>"; };
		B29741012952EE7D0010C8D1 /* Preview Assets.xcassets */ = {isa = PBXFileReference; lastKnownFileType = folder.assetcatalog; path = "Preview Assets.xcassets"; sourceTree = "<group>"; };
		B29741082952EF9C0010C8D1 /* Assets.xcassets */ = {isa = PBXFileReference; lastKnownFileType = folder.assetcatalog; name = Assets.xcassets; path = ../../../../Downloads/Resources/Assets.xcassets; sourceTree = "<group>"; };
		B297410B2952EFD30010C8D1 /* Color.swift */ = {isa = PBXFileReference; lastKnownFileType = sourcecode.swift; path = Color.swift; sourceTree = "<group>"; };
		B29741112952F3880010C8D1 /* HomeView.swift */ = {isa = PBXFileReference; lastKnownFileType = sourcecode.swift; path = HomeView.swift; sourceTree = "<group>"; };
		B29741152952F5220010C8D1 /* CircleButtonView.swift */ = {isa = PBXFileReference; lastKnownFileType = sourcecode.swift; path = CircleButtonView.swift; sourceTree = "<group>"; };
		B29741172952F90C0010C8D1 /* CircleButtonAnimationView.swift */ = {isa = PBXFileReference; lastKnownFileType = sourcecode.swift; path = CircleButtonAnimationView.swift; sourceTree = "<group>"; };
/* End PBXFileReference section */

/* Begin PBXFrameworksBuildPhase section */
		B29740F42952EE7B0010C8D1 /* Frameworks */ = {
			isa = PBXFrameworksBuildPhase;
			buildActionMask = 2147483647;
			files = (
			);
			runOnlyForDeploymentPostprocessing = 0;
		};
/* End PBXFrameworksBuildPhase section */

/* Begin PBXGroup section */
		B22B4B7D2953066F0075037D /* Model */ = {
			isa = PBXGroup;
			children = (
				B22B4B7E295306970075037D /* CoinModel.swift */,
			);
			path = Model;
			sourceTree = "<group>";
		};
		B24334B12954739500D5D117 /* Services */ = {
			isa = PBXGroup;
			children = (
				B24334B2295473C800D5D117 /* CoinDataServices.swift */,
			);
			path = Services;
			sourceTree = "<group>";
		};
		B24334B4295480DB00D5D117 /* Utilities */ = {
			isa = PBXGroup;
			children = (
				B24334B52954810100D5D117 /* NetworkingManger.swift */,
			);
			path = Utilities;
			sourceTree = "<group>";
		};
		B29740EE2952EE7B0010C8D1 = {
			isa = PBXGroup;
			children = (
				B29740F92952EE7B0010C8D1 /* Crypto */,
				B29740F82952EE7B0010C8D1 /* Products */,
			);
			sourceTree = "<group>";
		};
		B29740F82952EE7B0010C8D1 /* Products */ = {
			isa = PBXGroup;
			children = (
				B29740F72952EE7B0010C8D1 /* Crypto.app */,
			);
			name = Products;
			sourceTree = "<group>";
		};
		B29740F92952EE7B0010C8D1 /* Crypto */ = {
			isa = PBXGroup;
			children = (
				B24334B4295480DB00D5D117 /* Utilities */,
				B24334B12954739500D5D117 /* Services */,
				B29740FC2952EE7B0010C8D1 /* ContentView.swift */,
				B29740FA2952EE7B0010C8D1 /* CryptoApp.swift */,
				B29741082952EF9C0010C8D1 /* Assets.xcassets */,
				B297410A2952EFB30010C8D1 /* Extension */,
				B22B4B7D2953066F0075037D /* Model */,
				B297410D2952F35C0010C8D1 /* Core */,
				B29741002952EE7D0010C8D1 /* Preview Content */,
			);
			path = Crypto;
			sourceTree = "<group>";
		};
		B29741002952EE7D0010C8D1 /* Preview Content */ = {
			isa = PBXGroup;
			children = (
				B29741012952EE7D0010C8D1 /* Preview Assets.xcassets */,
			);
			path = "Preview Content";
			sourceTree = "<group>";
		};
		B297410A2952EFB30010C8D1 /* Extension */ = {
			isa = PBXGroup;
			children = (
				B297410B2952EFD30010C8D1 /* Color.swift */,
				B22B4B822953187C0075037D /* PreviewProvider.swift */,
				B22B4B8629531CE70075037D /* Double.swift */,
			);
			path = Extension;
			sourceTree = "<group>";
		};
		B297410D2952F35C0010C8D1 /* Core */ = {
			isa = PBXGroup;
			children = (
				B29741132952F4D70010C8D1 /* Components */,
				B297410E2952F3600010C8D1 /* Home */,
			);
			path = Core;
			sourceTree = "<group>";
		};
		B297410E2952F3600010C8D1 /* Home */ = {
			isa = PBXGroup;
			children = (
				B29741102952F36F0010C8D1 /* ViewModels */,
				B297410F2952F3690010C8D1 /* Views */,
			);
			path = Home;
			sourceTree = "<group>";
		};
		B297410F2952F3690010C8D1 /* Views */ = {
			isa = PBXGroup;
			children = (
				B29741112952F3880010C8D1 /* HomeView.swift */,
				B22B4B8429531AB60075037D /* CoinRowView.swift */,
			);
			path = Views;
			sourceTree = "<group>";
		};
		B29741102952F36F0010C8D1 /* ViewModels */ = {
			isa = PBXGroup;
			children = (
				B24334AF2954334600D5D117 /* HomeViewModel.swift */,
			);
			name = ViewModels;
			sourceTree = "<group>";
		};
		B29741132952F4D70010C8D1 /* Components */ = {
			isa = PBXGroup;
			children = (
				B29741142952F5030010C8D1 /* CircleButton */,
			);
			name = Components;
			sourceTree = "<group>";
		};
		B29741142952F5030010C8D1 /* CircleButton */ = {
			isa = PBXGroup;
			children = (
				B29741152952F5220010C8D1 /* CircleButtonView.swift */,
				B29741172952F90C0010C8D1 /* CircleButtonAnimationView.swift */,
			);
			path = CircleButton;
			sourceTree = "<group>";
		};
/* End PBXGroup section */

/* Begin PBXNativeTarget section */
		B29740F62952EE7B0010C8D1 /* Crypto */ = {
			isa = PBXNativeTarget;
			buildConfigurationList = B29741052952EE7D0010C8D1 /* Build configuration list for PBXNativeTarget "Crypto" */;
			buildPhases = (
				B29740F32952EE7B0010C8D1 /* Sources */,
				B29740F42952EE7B0010C8D1 /* Frameworks */,
				B29740F52952EE7B0010C8D1 /* Resources */,
			);
			buildRules = (
			);
			dependencies = (
			);
			name = Crypto;
			productName = Crypto;
			productReference = B29740F72952EE7B0010C8D1 /* Crypto.app */;
			productType = "com.apple.product-type.application";
		};
/* End PBXNativeTarget section */

/* Begin PBXProject section */
		B29740EF2952EE7B0010C8D1 /* Project object */ = {
			isa = PBXProject;
			attributes = {
				BuildIndependentTargetsInParallel = 1;
				LastSwiftUpdateCheck = 1410;
				LastUpgradeCheck = 1410;
				TargetAttributes = {
					B29740F62952EE7B0010C8D1 = {
						CreatedOnToolsVersion = 14.1;
					};
				};
			};
			buildConfigurationList = B29740F22952EE7B0010C8D1 /* Build configuration list for PBXProject "Crypto" */;
			compatibilityVersion = "Xcode 14.0";
			developmentRegion = en;
			hasScannedForEncodings = 0;
			knownRegions = (
				en,
				Base,
			);
			mainGroup = B29740EE2952EE7B0010C8D1;
			productRefGroup = B29740F82952EE7B0010C8D1 /* Products */;
			projectDirPath = "";
			projectRoot = "";
			targets = (
				B29740F62952EE7B0010C8D1 /* Crypto */,
			);
		};
/* End PBXProject section */

/* Begin PBXResourcesBuildPhase section */
		B29740F52952EE7B0010C8D1 /* Resources */ = {
			isa = PBXResourcesBuildPhase;
			buildActionMask = 2147483647;
			files = (
				B29741022952EE7D0010C8D1 /* Preview Assets.xcassets in Resources */,
				B29741092952EF9C0010C8D1 /* Assets.xcassets in Resources */,
			);
			runOnlyForDeploymentPostprocessing = 0;
		};
/* End PBXResourcesBuildPhase section */

/* Begin PBXSourcesBuildPhase section */
		B29740F32952EE7B0010C8D1 /* Sources */ = {
			isa = PBXSourcesBuildPhase;
			buildActionMask = 2147483647;
			files = (
				B22B4B8529531AB60075037D /* CoinRowView.swift in Sources */,
				B24334B02954334600D5D117 /* HomeViewModel.swift in Sources */,
				B29740FD2952EE7B0010C8D1 /* ContentView.swift in Sources */,
				B29741122952F3880010C8D1 /* HomeView.swift in Sources */,
				B24334B3295473C800D5D117 /* CoinDataServices.swift in Sources */,
				B29740FB2952EE7B0010C8D1 /* CryptoApp.swift in Sources */,
				B29741162952F5220010C8D1 /* CircleButtonView.swift in Sources */,
				B24334B62954810100D5D117 /* NetworkingManger.swift in Sources */,
				B297410C2952EFD30010C8D1 /* Color.swift in Sources */,
				B29741182952F90D0010C8D1 /* CircleButtonAnimationView.swift in Sources */,
				B22B4B832953187C0075037D /* PreviewProvider.swift in Sources */,
				B22B4B8729531CE70075037D /* Double.swift in Sources */,
				B22B4B7F295306970075037D /* CoinModel.swift in Sources */,
			);
			runOnlyForDeploymentPostprocessing = 0;
		};
/* End PBXSourcesBuildPhase section */

/* Begin XCBuildConfiguration section */
		B29741032952EE7D0010C8D1 /* Debug */ = {
			isa = XCBuildConfiguration;
			buildSettings = {
				ALWAYS_SEARCH_USER_PATHS = NO;
				CLANG_ANALYZER_NONNULL = YES;
				CLANG_ANALYZER_NUMBER_OBJECT_CONVERSION = YES_AGGRESSIVE;
				CLANG_CXX_LANGUAGE_STANDARD = "gnu++20";
				CLANG_ENABLE_MODULES = YES;
				CLANG_ENABLE_OBJC_ARC = YES;
				CLANG_ENABLE_OBJC_WEAK = YES;
				CLANG_WARN_BLOCK_CAPTURE_AUTORELEASING = YES;
				CLANG_WARN_BOOL_CONVERSION = YES;
				CLANG_WARN_COMMA = YES;
				CLANG_WARN_CONSTANT_CONVERSION = YES;
				CLANG_WARN_DEPRECATED_OBJC_IMPLEMENTATIONS = YES;
				CLANG_WARN_DIRECT_OBJC_ISA_USAGE = YES_ERROR;
				CLANG_WARN_DOCUMENTATION_COMMENTS = YES;
				CLANG_WARN_EMPTY_BODY = YES;
				CLANG_WARN_ENUM_CONVERSION = YES;
				CLANG_WARN_INFINITE_RECURSION = YES;
				CLANG_WARN_INT_CONVERSION = YES;
				CLANG_WARN_NON_LITERAL_NULL_CONVERSION = YES;
				CLANG_WARN_OBJC_IMPLICIT_RETAIN_SELF = YES;
				CLANG_WARN_OBJC_LITERAL_CONVERSION = YES;
				CLANG_WARN_OBJC_ROOT_CLASS = YES_ERROR;
				CLANG_WARN_QUOTED_INCLUDE_IN_FRAMEWORK_HEADER = YES;
				CLANG_WARN_RANGE_LOOP_ANALYSIS = YES;
				CLANG_WARN_STRICT_PROTOTYPES = YES;
				CLANG_WARN_SUSPICIOUS_MOVE = YES;
				CLANG_WARN_UNGUARDED_AVAILABILITY = YES_AGGRESSIVE;
				CLANG_WARN_UNREACHABLE_CODE = YES;
				CLANG_WARN__DUPLICATE_METHOD_MATCH = YES;
				COPY_PHASE_STRIP = NO;
				DEBUG_INFORMATION_FORMAT = dwarf;
				ENABLE_STRICT_OBJC_MSGSEND = YES;
				ENABLE_TESTABILITY = YES;
				GCC_C_LANGUAGE_STANDARD = gnu11;
				GCC_DYNAMIC_NO_PIC = NO;
				GCC_NO_COMMON_BLOCKS = YES;
				GCC_OPTIMIZATION_LEVEL = 0;
				GCC_PREPROCESSOR_DEFINITIONS = (
					"DEBUG=1",
					"$(inherited)",
				);
				GCC_WARN_64_TO_32_BIT_CONVERSION = YES;
				GCC_WARN_ABOUT_RETURN_TYPE = YES_ERROR;
				GCC_WARN_UNDECLARED_SELECTOR = YES;
				GCC_WARN_UNINITIALIZED_AUTOS = YES_AGGRESSIVE;
				GCC_WARN_UNUSED_FUNCTION = YES;
				GCC_WARN_UNUSED_VARIABLE = YES;
				IPHONEOS_DEPLOYMENT_TARGET = 16.1;
				MTL_ENABLE_DEBUG_INFO = INCLUDE_SOURCE;
				MTL_FAST_MATH = YES;
				ONLY_ACTIVE_ARCH = YES;
				SDKROOT = iphoneos;
				SWIFT_ACTIVE_COMPILATION_CONDITIONS = DEBUG;
				SWIFT_OPTIMIZATION_LEVEL = "-Onone";
			};
			name = Debug;
		};
		B29741042952EE7D0010C8D1 /* Release */ = {
			isa = XCBuildConfiguration;
			buildSettings = {
				ALWAYS_SEARCH_USER_PATHS = NO;
				CLANG_ANALYZER_NONNULL = YES;
				CLANG_ANALYZER_NUMBER_OBJECT_CONVERSION = YES_AGGRESSIVE;
				CLANG_CXX_LANGUAGE_STANDARD = "gnu++20";
				CLANG_ENABLE_MODULES = YES;
				CLANG_ENABLE_OBJC_ARC = YES;
				CLANG_ENABLE_OBJC_WEAK = YES;
				CLANG_WARN_BLOCK_CAPTURE_AUTORELEASING = YES;
				CLANG_WARN_BOOL_CONVERSION = YES;
				CLANG_WARN_COMMA = YES;
				CLANG_WARN_CONSTANT_CONVERSION = YES;
				CLANG_WARN_DEPRECATED_OBJC_IMPLEMENTATIONS = YES;
				CLANG_WARN_DIRECT_OBJC_ISA_USAGE = YES_ERROR;
				CLANG_WARN_DOCUMENTATION_COMMENTS = YES;
				CLANG_WARN_EMPTY_BODY = YES;
				CLANG_WARN_ENUM_CONVERSION = YES;
				CLANG_WARN_INFINITE_RECURSION = YES;
				CLANG_WARN_INT_CONVERSION = YES;
				CLANG_WARN_NON_LITERAL_NULL_CONVERSION = YES;
				CLANG_WARN_OBJC_IMPLICIT_RETAIN_SELF = YES;
				CLANG_WARN_OBJC_LITERAL_CONVERSION = YES;
				CLANG_WARN_OBJC_ROOT_CLASS = YES_ERROR;
				CLANG_WARN_QUOTED_INCLUDE_IN_FRAMEWORK_HEADER = YES;
				CLANG_WARN_RANGE_LOOP_ANALYSIS = YES;
				CLANG_WARN_STRICT_PROTOTYPES = YES;
				CLANG_WARN_SUSPICIOUS_MOVE = YES;
				CLANG_WARN_UNGUARDED_AVAILABILITY = YES_AGGRESSIVE;
				CLANG_WARN_UNREACHABLE_CODE = YES;
				CLANG_WARN__DUPLICATE_METHOD_MATCH = YES;
				COPY_PHASE_STRIP = NO;
				DEBUG_INFORMATION_FORMAT = "dwarf-with-dsym";
				ENABLE_NS_ASSERTIONS = NO;
				ENABLE_STRICT_OBJC_MSGSEND = YES;
				GCC_C_LANGUAGE_STANDARD = gnu11;
				GCC_NO_COMMON_BLOCKS = YES;
				GCC_WARN_64_TO_32_BIT_CONVERSION = YES;
				GCC_WARN_ABOUT_RETURN_TYPE = YES_ERROR;
				GCC_WARN_UNDECLARED_SELECTOR = YES;
				GCC_WARN_UNINITIALIZED_AUTOS = YES_AGGRESSIVE;
				GCC_WARN_UNUSED_FUNCTION = YES;
				GCC_WARN_UNUSED_VARIABLE = YES;
				IPHONEOS_DEPLOYMENT_TARGET = 16.1;
				MTL_ENABLE_DEBUG_INFO = NO;
				MTL_FAST_MATH = YES;
				SDKROOT = iphoneos;
				SWIFT_COMPILATION_MODE = wholemodule;
				SWIFT_OPTIMIZATION_LEVEL = "-O";
				VALIDATE_PRODUCT = YES;
			};
			name = Release;
		};
		B29741062952EE7D0010C8D1 /* Debug */ = {
			isa = XCBuildConfiguration;
			buildSettings = {
				ASSETCATALOG_COMPILER_APPICON_NAME = AppIcon;
				ASSETCATALOG_COMPILER_GLOBAL_ACCENT_COLOR_NAME = AccentColor;
				CODE_SIGN_STYLE = Automatic;
				CURRENT_PROJECT_VERSION = 1;
				DEVELOPMENT_ASSET_PATHS = "\"Crypto/Preview Content\"";
				ENABLE_PREVIEWS = YES;
				GENERATE_INFOPLIST_FILE = YES;
				INFOPLIST_KEY_CFBundleDisplayName = "Crypto Tracker";
				INFOPLIST_KEY_UIApplicationSceneManifest_Generation = YES;
				INFOPLIST_KEY_UIApplicationSupportsIndirectInputEvents = YES;
				INFOPLIST_KEY_UILaunchScreen_Generation = YES;
				INFOPLIST_KEY_UISupportedInterfaceOrientations = UIInterfaceOrientationPortrait;
				INFOPLIST_KEY_UISupportedInterfaceOrientations_iPad = "UIInterfaceOrientationLandscapeLeft UIInterfaceOrientationLandscapeRight UIInterfaceOrientationPortrait UIInterfaceOrientationPortraitUpsideDown";
				LD_RUNPATH_SEARCH_PATHS = (
					"$(inherited)",
					"@executable_path/Frameworks",
				);
				MARKETING_VERSION = 1.0;
				PRODUCT_BUNDLE_IDENTIFIER = Abdallah.Crypto;
				PRODUCT_NAME = "$(TARGET_NAME)";
				SWIFT_EMIT_LOC_STRINGS = YES;
				SWIFT_VERSION = 5.0;
				TARGETED_DEVICE_FAMILY = "1,2";
			};
			name = Debug;
		};
		B29741072952EE7D0010C8D1 /* Release */ = {
			isa = XCBuildConfiguration;
			buildSettings = {
				ASSETCATALOG_COMPILER_APPICON_NAME = AppIcon;
				ASSETCATALOG_COMPILER_GLOBAL_ACCENT_COLOR_NAME = AccentColor;
				CODE_SIGN_STYLE = Automatic;
				CURRENT_PROJECT_VERSION = 1;
				DEVELOPMENT_ASSET_PATHS = "\"Crypto/Preview Content\"";
				ENABLE_PREVIEWS = YES;
				GENERATE_INFOPLIST_FILE = YES;
				INFOPLIST_KEY_CFBundleDisplayName = "Crypto Tracker";
				INFOPLIST_KEY_UIApplicationSceneManifest_Generation = YES;
				INFOPLIST_KEY_UIApplicationSupportsIndirectInputEvents = YES;
				INFOPLIST_KEY_UILaunchScreen_Generation = YES;
				INFOPLIST_KEY_UISupportedInterfaceOrientations = UIInterfaceOrientationPortrait;
				INFOPLIST_KEY_UISupportedInterfaceOrientations_iPad = "UIInterfaceOrientationLandscapeLeft UIInterfaceOrientationLandscapeRight UIInterfaceOrientationPortrait UIInterfaceOrientationPortraitUpsideDown";
				LD_RUNPATH_SEARCH_PATHS = (
					"$(inherited)",
					"@executable_path/Frameworks",
				);
				MARKETING_VERSION = 1.0;
				PRODUCT_BUNDLE_IDENTIFIER = Abdallah.Crypto;
				PRODUCT_NAME = "$(TARGET_NAME)";
				SWIFT_EMIT_LOC_STRINGS = YES;
				SWIFT_VERSION = 5.0;
				TARGETED_DEVICE_FAMILY = "1,2";
			};
			name = Release;
		};
/* End XCBuildConfiguration section */

/* Begin XCConfigurationList section */
		B29740F22952EE7B0010C8D1 /* Build configuration list for PBXProject "Crypto" */ = {
			isa = XCConfigurationList;
			buildConfigurations = (
				B29741032952EE7D0010C8D1 /* Debug */,
				B29741042952EE7D0010C8D1 /* Release */,
			);
			defaultConfigurationIsVisible = 0;
			defaultConfigurationName = Release;
		};
		B29741052952EE7D0010C8D1 /* Build configuration list for PBXNativeTarget "Crypto" */ = {
			isa = XCConfigurationList;
			buildConfigurations = (
				B29741062952EE7D0010C8D1 /* Debug */,
				B29741072952EE7D0010C8D1 /* Release */,
			);
			defaultConfigurationIsVisible = 0;
			defaultConfigurationName = Release;
		};
/* End XCConfigurationList section */
	};
	rootObject = B29740EF2952EE7B0010C8D1 /* Project object */;
}
